
Microsoft Visual Studio Solution File, Format Version 12.00
# Visual Studio 15
VisualStudioVersion = 15.0.26228.4
MinimumVisualStudioVersion = 10.0.40219.1
Project("{D954291E-2A0B-460D-934E-DC6B0785DB48}") = "DSSC", "DSSC\DSSC\DSSC.shproj", "{E0D72926-AD16-47DC-8D0C-ABAFB181C0F4}"
EndProject
Project("{FAE04EC0-301F-11D3-BF4B-00C04F79EFBC}") = "DSSC.Android", "DSSC\DSSC.Android\DSSC.Android.csproj", "{F7AF6BB0-E33B-48DE-A4E5-C7F1E1F3A18E}"
EndProject
Project("{FAE04EC0-301F-11D3-BF4B-00C04F79EFBC}") = "DSSC.iOS", "DSSC\DSSC.iOS\DSSC.iOS.csproj", "{FFA8D48B-E017-466D-BC6F-294398571571}"
EndProject
Project("{FAE04EC0-301F-11D3-BF4B-00C04F79EFBC}") = "DSSC.UWP", "DSSC\DSSC.UWP\DSSC.UWP.csproj", "{58BEAD24-1209-49CC-AAA8-9399BF1C60FD}"
EndProject
Global
	GlobalSection(SharedMSBuildProjectFiles) = preSolution
		DSSC\DSSC\DSSC.projitems*{e0d72926-ad16-47dc-8d0c-abafb181c0f4}*SharedItemsImports = 13
		DSSC\DSSC\DSSC.projitems*{f7af6bb0-e33b-48de-a4e5-c7f1e1f3a18e}*SharedItemsImports = 4
		DSSC\DSSC\DSSC.projitems*{ffa8d48b-e017-466d-bc6f-294398571571}*SharedItemsImports = 4
	EndGlobalSection
	GlobalSection(SolutionConfigurationPlatforms) = preSolution
		Ad-Hoc|Any CPU = Ad-Hoc|Any CPU
		Ad-Hoc|ARM = Ad-Hoc|ARM
		Ad-Hoc|iPhone = Ad-Hoc|iPhone
		Ad-Hoc|iPhoneSimulator = Ad-Hoc|iPhoneSimulator
		Ad-Hoc|x64 = Ad-Hoc|x64
		Ad-Hoc|x86 = Ad-Hoc|x86
		AppStore|Any CPU = AppStore|Any CPU
		AppStore|ARM = AppStore|ARM
		AppStore|iPhone = AppStore|iPhone
		AppStore|iPhoneSimulator = AppStore|iPhoneSimulator
		AppStore|x64 = AppStore|x64
		AppStore|x86 = AppStore|x86
		Debug|Any CPU = Debug|Any CPU
		Debug|ARM = Debug|ARM
		Debug|iPhone = Debug|iPhone
		Debug|iPhoneSimulator = Debug|iPhoneSimulator
		Debug|x64 = Debug|x64
		Debug|x86 = Debug|x86
		Release|Any CPU = Release|Any CPU
		Release|ARM = Release|ARM
		Release|iPhone = Release|iPhone
		Release|iPhoneSimulator = Release|iPhoneSimulator
		Release|x64 = Release|x64
		Release|x86 = Release|x86
	EndGlobalSection
	GlobalSection(ProjectConfigurationPlatforms) = postSolution
		{F7AF6BB0-E33B-48DE-A4E5-C7F1E1F3A18E}.Ad-Hoc|Any CPU.ActiveCfg = Release|Any CPU
		{F7AF6BB0-E33B-48DE-A4E5-C7F1E1F3A18E}.Ad-Hoc|Any CPU.Build.0 = Release|Any CPU
		{F7AF6BB0-E33B-48DE-A4E5-C7F1E1F3A18E}.Ad-Hoc|Any CPU.Deploy.0 = Release|Any CPU
		{F7AF6BB0-E33B-48DE-A4E5-C7F1E1F3A18E}.Ad-Hoc|ARM.ActiveCfg = Release|Any CPU
		{F7AF6BB0-E33B-48DE-A4E5-C7F1E1F3A18E}.Ad-Hoc|ARM.Build.0 = Release|Any CPU
		{F7AF6BB0-E33B-48DE-A4E5-C7F1E1F3A18E}.Ad-Hoc|ARM.Deploy.0 = Release|Any CPU
		{F7AF6BB0-E33B-48DE-A4E5-C7F1E1F3A18E}.Ad-Hoc|iPhone.ActiveCfg = Release|Any CPU
		{F7AF6BB0-E33B-48DE-A4E5-C7F1E1F3A18E}.Ad-Hoc|iPhone.Build.0 = Release|Any CPU
		{F7AF6BB0-E33B-48DE-A4E5-C7F1E1F3A18E}.Ad-Hoc|iPhone.Deploy.0 = Release|Any CPU
		{F7AF6BB0-E33B-48DE-A4E5-C7F1E1F3A18E}.Ad-Hoc|iPhoneSimulator.ActiveCfg = Release|Any CPU
		{F7AF6BB0-E33B-48DE-A4E5-C7F1E1F3A18E}.Ad-Hoc|iPhoneSimulator.Build.0 = Release|Any CPU
		{F7AF6BB0-E33B-48DE-A4E5-C7F1E1F3A18E}.Ad-Hoc|iPhoneSimulator.Deploy.0 = Release|Any CPU
		{F7AF6BB0-E33B-48DE-A4E5-C7F1E1F3A18E}.Ad-Hoc|x64.ActiveCfg = Release|Any CPU
		{F7AF6BB0-E33B-48DE-A4E5-C7F1E1F3A18E}.Ad-Hoc|x64.Build.0 = Release|Any CPU
		{F7AF6BB0-E33B-48DE-A4E5-C7F1E1F3A18E}.Ad-Hoc|x64.Deploy.0 = Release|Any CPU
		{F7AF6BB0-E33B-48DE-A4E5-C7F1E1F3A18E}.Ad-Hoc|x86.ActiveCfg = Release|Any CPU
		{F7AF6BB0-E33B-48DE-A4E5-C7F1E1F3A18E}.Ad-Hoc|x86.Build.0 = Release|Any CPU
		{F7AF6BB0-E33B-48DE-A4E5-C7F1E1F3A18E}.Ad-Hoc|x86.Deploy.0 = Release|Any CPU
		{F7AF6BB0-E33B-48DE-A4E5-C7F1E1F3A18E}.AppStore|Any CPU.ActiveCfg = Release|Any CPU
		{F7AF6BB0-E33B-48DE-A4E5-C7F1E1F3A18E}.AppStore|Any CPU.Build.0 = Release|Any CPU
		{F7AF6BB0-E33B-48DE-A4E5-C7F1E1F3A18E}.AppStore|Any CPU.Deploy.0 = Release|Any CPU
		{F7AF6BB0-E33B-48DE-A4E5-C7F1E1F3A18E}.AppStore|ARM.ActiveCfg = Release|Any CPU
		{F7AF6BB0-E33B-48DE-A4E5-C7F1E1F3A18E}.AppStore|ARM.Build.0 = Release|Any CPU
		{F7AF6BB0-E33B-48DE-A4E5-C7F1E1F3A18E}.AppStore|ARM.Deploy.0 = Release|Any CPU
		{F7AF6BB0-E33B-48DE-A4E5-C7F1E1F3A18E}.AppStore|iPhone.ActiveCfg = Release|Any CPU
		{F7AF6BB0-E33B-48DE-A4E5-C7F1E1F3A18E}.AppStore|iPhone.Build.0 = Release|Any CPU
		{F7AF6BB0-E33B-48DE-A4E5-C7F1E1F3A18E}.AppStore|iPhone.Deploy.0 = Release|Any CPU
		{F7AF6BB0-E33B-48DE-A4E5-C7F1E1F3A18E}.AppStore|iPhoneSimulator.ActiveCfg = Release|Any CPU
		{F7AF6BB0-E33B-48DE-A4E5-C7F1E1F3A18E}.AppStore|iPhoneSimulator.Build.0 = Release|Any CPU
		{F7AF6BB0-E33B-48DE-A4E5-C7F1E1F3A18E}.AppStore|iPhoneSimulator.Deploy.0 = Release|Any CPU
		{F7AF6BB0-E33B-48DE-A4E5-C7F1E1F3A18E}.AppStore|x64.ActiveCfg = Release|Any CPU
		{F7AF6BB0-E33B-48DE-A4E5-C7F1E1F3A18E}.AppStore|x64.Build.0 = Release|Any CPU
		{F7AF6BB0-E33B-48DE-A4E5-C7F1E1F3A18E}.AppStore|x64.Deploy.0 = Release|Any CPU
		{F7AF6BB0-E33B-48DE-A4E5-C7F1E1F3A18E}.AppStore|x86.ActiveCfg = Release|Any CPU
		{F7AF6BB0-E33B-48DE-A4E5-C7F1E1F3A18E}.AppStore|x86.Build.0 = Release|Any CPU
		{F7AF6BB0-E33B-48DE-A4E5-C7F1E1F3A18E}.AppStore|x86.Deploy.0 = Release|Any CPU
		{F7AF6BB0-E33B-48DE-A4E5-C7F1E1F3A18E}.Debug|Any CPU.ActiveCfg = Debug|Any CPU
		{F7AF6BB0-E33B-48DE-A4E5-C7F1E1F3A18E}.Debug|Any CPU.Build.0 = Debug|Any CPU
		{F7AF6BB0-E33B-48DE-A4E5-C7F1E1F3A18E}.Debug|Any CPU.Deploy.0 = Debug|Any CPU
		{F7AF6BB0-E33B-48DE-A4E5-C7F1E1F3A18E}.Debug|ARM.ActiveCfg = Debug|Any CPU
		{F7AF6BB0-E33B-48DE-A4E5-C7F1E1F3A18E}.Debug|ARM.Build.0 = Debug|Any CPU
		{F7AF6BB0-E33B-48DE-A4E5-C7F1E1F3A18E}.Debug|ARM.Deploy.0 = Debug|Any CPU
		{F7AF6BB0-E33B-48DE-A4E5-C7F1E1F3A18E}.Debug|iPhone.ActiveCfg = Debug|Any CPU
		{F7AF6BB0-E33B-48DE-A4E5-C7F1E1F3A18E}.Debug|iPhone.Build.0 = Debug|Any CPU
		{F7AF6BB0-E33B-48DE-A4E5-C7F1E1F3A18E}.Debug|iPhone.Deploy.0 = Debug|Any CPU
		{F7AF6BB0-E33B-48DE-A4E5-C7F1E1F3A18E}.Debug|iPhoneSimulator.ActiveCfg = Debug|Any CPU
		{F7AF6BB0-E33B-48DE-A4E5-C7F1E1F3A18E}.Debug|iPhoneSimulator.Build.0 = Debug|Any CPU
		{F7AF6BB0-E33B-48DE-A4E5-C7F1E1F3A18E}.Debug|iPhoneSimulator.Deploy.0 = Debug|Any CPU
		{F7AF6BB0-E33B-48DE-A4E5-C7F1E1F3A18E}.Debug|x64.ActiveCfg = Debug|Any CPU
		{F7AF6BB0-E33B-48DE-A4E5-C7F1E1F3A18E}.Debug|x64.Build.0 = Debug|Any CPU
		{F7AF6BB0-E33B-48DE-A4E5-C7F1E1F3A18E}.Debug|x64.Deploy.0 = Debug|Any CPU
		{F7AF6BB0-E33B-48DE-A4E5-C7F1E1F3A18E}.Debug|x86.ActiveCfg = Debug|Any CPU
		{F7AF6BB0-E33B-48DE-A4E5-C7F1E1F3A18E}.Debug|x86.Build.0 = Debug|Any CPU
		{F7AF6BB0-E33B-48DE-A4E5-C7F1E1F3A18E}.Debug|x86.Deploy.0 = Debug|Any CPU
		{F7AF6BB0-E33B-48DE-A4E5-C7F1E1F3A18E}.Release|Any CPU.ActiveCfg = Release|Any CPU
		{F7AF6BB0-E33B-48DE-A4E5-C7F1E1F3A18E}.Release|Any CPU.Build.0 = Release|Any CPU
		{F7AF6BB0-E33B-48DE-A4E5-C7F1E1F3A18E}.Release|Any CPU.Deploy.0 = Release|Any CPU
		{F7AF6BB0-E33B-48DE-A4E5-C7F1E1F3A18E}.Release|ARM.ActiveCfg = Release|Any CPU
		{F7AF6BB0-E33B-48DE-A4E5-C7F1E1F3A18E}.Release|ARM.Build.0 = Release|Any CPU
		{F7AF6BB0-E33B-48DE-A4E5-C7F1E1F3A18E}.Release|ARM.Deploy.0 = Release|Any CPU
		{F7AF6BB0-E33B-48DE-A4E5-C7F1E1F3A18E}.Release|iPhone.ActiveCfg = Release|Any CPU
		{F7AF6BB0-E33B-48DE-A4E5-C7F1E1F3A18E}.Release|iPhone.Build.0 = Release|Any CPU
		{F7AF6BB0-E33B-48DE-A4E5-C7F1E1F3A18E}.Release|iPhone.Deploy.0 = Release|Any CPU
		{F7AF6BB0-E33B-48DE-A4E5-C7F1E1F3A18E}.Release|iPhoneSimulator.ActiveCfg = Release|Any CPU
		{F7AF6BB0-E33B-48DE-A4E5-C7F1E1F3A18E}.Release|iPhoneSimulator.Build.0 = Release|Any CPU
		{F7AF6BB0-E33B-48DE-A4E5-C7F1E1F3A18E}.Release|iPhoneSimulator.Deploy.0 = Release|Any CPU
		{F7AF6BB0-E33B-48DE-A4E5-C7F1E1F3A18E}.Release|x64.ActiveCfg = Release|Any CPU
		{F7AF6BB0-E33B-48DE-A4E5-C7F1E1F3A18E}.Release|x64.Build.0 = Release|Any CPU
		{F7AF6BB0-E33B-48DE-A4E5-C7F1E1F3A18E}.Release|x64.Deploy.0 = Release|Any CPU
		{F7AF6BB0-E33B-48DE-A4E5-C7F1E1F3A18E}.Release|x86.ActiveCfg = Release|Any CPU
		{F7AF6BB0-E33B-48DE-A4E5-C7F1E1F3A18E}.Release|x86.Build.0 = Release|Any CPU
		{F7AF6BB0-E33B-48DE-A4E5-C7F1E1F3A18E}.Release|x86.Deploy.0 = Release|Any CPU
		{FFA8D48B-E017-466D-BC6F-294398571571}.Ad-Hoc|Any CPU.ActiveCfg = Ad-Hoc|iPhone
		{FFA8D48B-E017-466D-BC6F-294398571571}.Ad-Hoc|ARM.ActiveCfg = Ad-Hoc|iPhone
		{FFA8D48B-E017-466D-BC6F-294398571571}.Ad-Hoc|iPhone.ActiveCfg = Ad-Hoc|iPhone
		{FFA8D48B-E017-466D-BC6F-294398571571}.Ad-Hoc|iPhone.Build.0 = Ad-Hoc|iPhone
		{FFA8D48B-E017-466D-BC6F-294398571571}.Ad-Hoc|iPhoneSimulator.ActiveCfg = Ad-Hoc|iPhoneSimulator
		{FFA8D48B-E017-466D-BC6F-294398571571}.Ad-Hoc|iPhoneSimulator.Build.0 = Ad-Hoc|iPhoneSimulator
		{FFA8D48B-E017-466D-BC6F-294398571571}.Ad-Hoc|x64.ActiveCfg = Ad-Hoc|iPhone
		{FFA8D48B-E017-466D-BC6F-294398571571}.Ad-Hoc|x86.ActiveCfg = Ad-Hoc|iPhone
		{FFA8D48B-E017-466D-BC6F-294398571571}.AppStore|Any CPU.ActiveCfg = AppStore|iPhone
		{FFA8D48B-E017-466D-BC6F-294398571571}.AppStore|ARM.ActiveCfg = AppStore|iPhone
		{FFA8D48B-E017-466D-BC6F-294398571571}.AppStore|iPhone.ActiveCfg = AppStore|iPhone
		{FFA8D48B-E017-466D-BC6F-294398571571}.AppStore|iPhone.Build.0 = AppStore|iPhone
		{FFA8D48B-E017-466D-BC6F-294398571571}.AppStore|iPhoneSimulator.ActiveCfg = AppStore|iPhoneSimulator
		{FFA8D48B-E017-466D-BC6F-294398571571}.AppStore|iPhoneSimulator.Build.0 = AppStore|iPhoneSimulator
		{FFA8D48B-E017-466D-BC6F-294398571571}.AppStore|x64.ActiveCfg = AppStore|iPhone
		{FFA8D48B-E017-466D-BC6F-294398571571}.AppStore|x86.ActiveCfg = AppStore|iPhone
		{FFA8D48B-E017-466D-BC6F-294398571571}.Debug|Any CPU.ActiveCfg = Debug|iPhone
		{FFA8D48B-E017-466D-BC6F-294398571571}.Debug|ARM.ActiveCfg = Debug|iPhone
		{FFA8D48B-E017-466D-BC6F-294398571571}.Debug|iPhone.ActiveCfg = Debug|iPhone
		{FFA8D48B-E017-466D-BC6F-294398571571}.Debug|iPhone.Build.0 = Debug|iPhone
		{FFA8D48B-E017-466D-BC6F-294398571571}.Debug|iPhoneSimulator.ActiveCfg = Debug|iPhoneSimulator
		{FFA8D48B-E017-466D-BC6F-294398571571}.Debug|iPhoneSimulator.Build.0 = Debug|iPhoneSimulator
		{FFA8D48B-E017-466D-BC6F-294398571571}.Debug|x64.ActiveCfg = Debug|iPhone
		{FFA8D48B-E017-466D-BC6F-294398571571}.Debug|x86.ActiveCfg = Debug|iPhone
		{FFA8D48B-E017-466D-BC6F-294398571571}.Release|Any CPU.ActiveCfg = Release|iPhone
		{FFA8D48B-E017-466D-BC6F-294398571571}.Release|ARM.ActiveCfg = Release|iPhone
		{FFA8D48B-E017-466D-BC6F-294398571571}.Release|iPhone.ActiveCfg = Release|iPhone
		{FFA8D48B-E017-466D-BC6F-294398571571}.Release|iPhone.Build.0 = Release|iPhone
		{FFA8D48B-E017-466D-BC6F-294398571571}.Release|iPhoneSimulator.ActiveCfg = Release|iPhoneSimulator
		{FFA8D48B-E017-466D-BC6F-294398571571}.Release|iPhoneSimulator.Build.0 = Release|iPhoneSimulator
		{FFA8D48B-E017-466D-BC6F-294398571571}.Release|x64.ActiveCfg = Release|iPhone
		{FFA8D48B-E017-466D-BC6F-294398571571}.Release|x86.ActiveCfg = Release|iPhone
		{58BEAD24-1209-49CC-AAA8-9399BF1C60FD}.Ad-Hoc|Any CPU.ActiveCfg = Release|x86
		{58BEAD24-1209-49CC-AAA8-9399BF1C60FD}.Ad-Hoc|Any CPU.Build.0 = Release|x86
		{58BEAD24-1209-49CC-AAA8-9399BF1C60FD}.Ad-Hoc|Any CPU.Deploy.0 = Release|x86
		{58BEAD24-1209-49CC-AAA8-9399BF1C60FD}.Ad-Hoc|ARM.ActiveCfg = Release|ARM
		{58BEAD24-1209-49CC-AAA8-9399BF1C60FD}.Ad-Hoc|ARM.Build.0 = Release|ARM
		{58BEAD24-1209-49CC-AAA8-9399BF1C60FD}.Ad-Hoc|ARM.Deploy.0 = Release|ARM
		{58BEAD24-1209-49CC-AAA8-9399BF1C60FD}.Ad-Hoc|iPhone.ActiveCfg = Release|x86
		{58BEAD24-1209-49CC-AAA8-9399BF1C60FD}.Ad-Hoc|iPhone.Build.0 = Release|x86
		{58BEAD24-1209-49CC-AAA8-9399BF1C60FD}.Ad-Hoc|iPhone.Deploy.0 = Release|x86
		{58BEAD24-1209-49CC-AAA8-9399BF1C60FD}.Ad-Hoc|iPhoneSimulator.ActiveCfg = Release|x86
		{58BEAD24-1209-49CC-AAA8-9399BF1C60FD}.Ad-Hoc|iPhoneSimulator.Build.0 = Release|x86
		{58BEAD24-1209-49CC-AAA8-9399BF1C60FD}.Ad-Hoc|iPhoneSimulator.Deploy.0 = Release|x86
		{58BEAD24-1209-49CC-AAA8-9399BF1C60FD}.Ad-Hoc|x64.ActiveCfg = Release|x64
		{58BEAD24-1209-49CC-AAA8-9399BF1C60FD}.Ad-Hoc|x64.Build.0 = Release|x64
		{58BEAD24-1209-49CC-AAA8-9399BF1C60FD}.Ad-Hoc|x64.Deploy.0 = Release|x64
		{58BEAD24-1209-49CC-AAA8-9399BF1C60FD}.Ad-Hoc|x86.ActiveCfg = Release|x86
		{58BEAD24-1209-49CC-AAA8-9399BF1C60FD}.Ad-Hoc|x86.Build.0 = Release|x86
		{58BEAD24-1209-49CC-AAA8-9399BF1C60FD}.Ad-Hoc|x86.Deploy.0 = Release|x86
		{58BEAD24-1209-49CC-AAA8-9399BF1C60FD}.AppStore|Any CPU.ActiveCfg = Release|x86
		{58BEAD24-1209-49CC-AAA8-9399BF1C60FD}.AppStore|Any CPU.Build.0 = Release|x86
		{58BEAD24-1209-49CC-AAA8-9399BF1C60FD}.AppStore|Any CPU.Deploy.0 = Release|x86
		{58BEAD24-1209-49CC-AAA8-9399BF1C60FD}.AppStore|ARM.ActiveCfg = Release|ARM
		{58BEAD24-1209-49CC-AAA8-9399BF1C60FD}.AppStore|ARM.Build.0 = Release|ARM
		{58BEAD24-1209-49CC-AAA8-9399BF1C60FD}.AppStore|ARM.Deploy.0 = Release|ARM
		{58BEAD24-1209-49CC-AAA8-9399BF1C60FD}.AppStore|iPhone.ActiveCfg = Release|x86
		{58BEAD24-1209-49CC-AAA8-9399BF1C60FD}.AppStore|iPhone.Build.0 = Release|x86
		{58BEAD24-1209-49CC-AAA8-9399BF1C60FD}.AppStore|iPhone.Deploy.0 = Release|x86
		{58BEAD24-1209-49CC-AAA8-9399BF1C60FD}.AppStore|iPhoneSimulator.ActiveCfg = Release|x86
		{58BEAD24-1209-49CC-AAA8-9399BF1C60FD}.AppStore|iPhoneSimulator.Build.0 = Release|x86
		{58BEAD24-1209-49CC-AAA8-9399BF1C60FD}.AppStore|iPhoneSimulator.Deploy.0 = Release|x86
		{58BEAD24-1209-49CC-AAA8-9399BF1C60FD}.AppStore|x64.ActiveCfg = Release|x64
		{58BEAD24-1209-49CC-AAA8-9399BF1C60FD}.AppStore|x64.Build.0 = Release|x64
		{58BEAD24-1209-49CC-AAA8-9399BF1C60FD}.AppStore|x64.Deploy.0 = Release|x64
		{58BEAD24-1209-49CC-AAA8-9399BF1C60FD}.AppStore|x86.ActiveCfg = Release|x86
		{58BEAD24-1209-49CC-AAA8-9399BF1C60FD}.AppStore|x86.Build.0 = Release|x86
		{58BEAD24-1209-49CC-AAA8-9399BF1C60FD}.AppStore|x86.Deploy.0 = Release|x86
		{58BEAD24-1209-49CC-AAA8-9399BF1C60FD}.Debug|Any CPU.ActiveCfg = Debug|x86
		{58BEAD24-1209-49CC-AAA8-9399BF1C60FD}.Debug|ARM.ActiveCfg = Debug|ARM
		{58BEAD24-1209-49CC-AAA8-9399BF1C60FD}.Debug|ARM.Build.0 = Debug|ARM
		{58BEAD24-1209-49CC-AAA8-9399BF1C60FD}.Debug|ARM.Deploy.0 = Debug|ARM
		{58BEAD24-1209-49CC-AAA8-9399BF1C60FD}.Debug|iPhone.ActiveCfg = Debug|x86
		{58BEAD24-1209-49CC-AAA8-9399BF1C60FD}.Debug|iPhoneSimulator.ActiveCfg = Debug|x86
		{58BEAD24-1209-49CC-AAA8-9399BF1C60FD}.Debug|x64.ActiveCfg = Debug|x64
		{58BEAD24-1209-49CC-AAA8-9399BF1C60FD}.Debug|x64.Build.0 = Debug|x64
		{58BEAD24-1209-49CC-AAA8-9399BF1C60FD}.Debug|x64.Deploy.0 = Debug|x64
		{58BEAD24-1209-49CC-AAA8-9399BF1C60FD}.Debug|x86.ActiveCfg = Debug|x86
		{58BEAD24-1209-49CC-AAA8-9399BF1C60FD}.Debug|x86.Build.0 = Debug|x86
		{58BEAD24-1209-49CC-AAA8-9399BF1C60FD}.Debug|x86.Deploy.0 = Debug|x86
		{58BEAD24-1209-49CC-AAA8-9399BF1C60FD}.Release|Any CPU.ActiveCfg = Release|x86
		{58BEAD24-1209-49CC-AAA8-9399BF1C60FD}.Release|ARM.ActiveCfg = Release|ARM
		{58BEAD24-1209-49CC-AAA8-9399BF1C60FD}.Release|ARM.Build.0 = Release|ARM
		{58BEAD24-1209-49CC-AAA8-9399BF1C60FD}.Release|ARM.Deploy.0 = Release|ARM
		{58BEAD24-1209-49CC-AAA8-9399BF1C60FD}.Release|iPhone.ActiveCfg = Release|x86
		{58BEAD24-1209-49CC-AAA8-9399BF1C60FD}.Release|iPhoneSimulator.ActiveCfg = Release|x86
		{58BEAD24-1209-49CC-AAA8-9399BF1C60FD}.Release|x64.ActiveCfg = Release|x64
		{58BEAD24-1209-49CC-AAA8-9399BF1C60FD}.Release|x64.Build.0 = Release|x64
		{58BEAD24-1209-49CC-AAA8-9399BF1C60FD}.Release|x64.Deploy.0 = Release|x64
		{58BEAD24-1209-49CC-AAA8-9399BF1C60FD}.Release|x86.ActiveCfg = Release|x86
		{58BEAD24-1209-49CC-AAA8-9399BF1C60FD}.Release|x86.Build.0 = Release|x86
		{58BEAD24-1209-49CC-AAA8-9399BF1C60FD}.Release|x86.Deploy.0 = Release|x86
	EndGlobalSection
	GlobalSection(SolutionProperties) = preSolution
		HideSolutionNode = FALSE
	EndGlobalSection
EndGlobal
